
Microsoft Visual Studio Solution File, Format Version 12.00
# Visual Studio 15
VisualStudioVersion = 15.0.27428.2037
MinimumVisualStudioVersion = 10.0.40219.1
Project("{FAE04EC0-301F-11D3-BF4B-00C04F79EFBC}") = "Entidades", "Entidades\Entidades.csproj", "{82C202B0-ADD8-40FD-AFF2-862EC1DCAC48}"
EndProject
Project("{FAE04EC0-301F-11D3-BF4B-00C04F79EFBC}") = "MainCorreo", "FrmPpal\MainCorreo.csproj", "{0BAEAA38-F680-48B4-A9A9-7F2282311F18}"
EndProject
Project("{FAE04EC0-301F-11D3-BF4B-00C04F79EFBC}") = "Test", "Test\Test.csproj", "{37C5AC82-6045-4CBE-9B7C-C4B78DEFE627}"
EndProject
Global
	GlobalSection(SolutionConfigurationPlatforms) = preSolution
		Debug|Any CPU = Debug|Any CPU
		Release|Any CPU = Release|Any CPU
	EndGlobalSection
	GlobalSection(ProjectConfigurationPlatforms) = postSolution
		{82C202B0-ADD8-40FD-AFF2-862EC1DCAC48}.Debug|Any CPU.ActiveCfg = Debug|Any CPU
		{82C202B0-ADD8-40FD-AFF2-862EC1DCAC48}.Debug|Any CPU.Build.0 = Debug|Any CPU
		{82C202B0-ADD8-40FD-AFF2-862EC1DCAC48}.Release|Any CPU.ActiveCfg = Release|Any CPU
		{82C202B0-ADD8-40FD-AFF2-862EC1DCAC48}.Release|Any CPU.Build.0 = Release|Any CPU
		{0BAEAA38-F680-48B4-A9A9-7F2282311F18}.Debug|Any CPU.ActiveCfg = Debug|Any CPU
		{0BAEAA38-F680-48B4-A9A9-7F2282311F18}.Debug|Any CPU.Build.0 = Debug|Any CPU
		{0BAEAA38-F680-48B4-A9A9-7F2282311F18}.Release|Any CPU.ActiveCfg = Release|Any CPU
		{0BAEAA38-F680-48B4-A9A9-7F2282311F18}.Release|Any CPU.Build.0 = Release|Any CPU
		{37C5AC82-6045-4CBE-9B7C-C4B78DEFE627}.Debug|Any CPU.ActiveCfg = Debug|Any CPU
		{37C5AC82-6045-4CBE-9B7C-C4B78DEFE627}.Debug|Any CPU.Build.0 = Debug|Any CPU
		{37C5AC82-6045-4CBE-9B7C-C4B78DEFE627}.Release|Any CPU.ActiveCfg = Release|Any CPU
		{37C5AC82-6045-4CBE-9B7C-C4B78DEFE627}.Release|Any CPU.Build.0 = Release|Any CPU
	EndGlobalSection
	GlobalSection(SolutionProperties) = preSolution
		HideSolutionNode = FALSE
	EndGlobalSection
	GlobalSection(ExtensibilityGlobals) = postSolution
		SolutionGuid = {16C4580C-5379-438C-BEB0-262FA20BAAF9}
	EndGlobalSection
EndGlobal
